
Microsoft Visual Studio Solution File, Format Version 12.00
# Visual Studio Version 17
VisualStudioVersion = 17.12.35527.113
MinimumVisualStudioVersion = 10.0.40219.1
Project("{FAE04EC0-301F-11D3-BF4B-00C04F79EFBC}") = "OctaLibAvalonia", "OctaLibAvalonia\OctaLibAvalonia.csproj", "{0FD4508F-BE3B-4E42-B217-4C4BF9ACC5B5}"
EndProject
Project("{FAE04EC0-301F-11D3-BF4B-00C04F79EFBC}") = "OctaLibAvalonia.Desktop", "OctaLibAvalonia.Desktop\OctaLibAvalonia.Desktop.csproj", "{A759926C-AA71-4BC1-86D6-7DD53EF638EF}"
EndProject
Project("{FAE04EC0-301F-11D3-BF4B-00C04F79EFBC}") = "OctaLib", "OctaLib\OctaLib.csproj", "{ACBB3B78-C0F5-4137-80C7-60DBC500D136}"
EndProject
Project("{FAE04EC0-301F-11D3-BF4B-00C04F79EFBC}") = "OctaLibConsole", "OctaLibConsole\OctaLibConsole.csproj", "{430CE748-904A-4CB4-9CF7-229EBB67FFD5}"
EndProject
Global
	GlobalSection(SolutionConfigurationPlatforms) = preSolution
		Debug|Any CPU = Debug|Any CPU
		Release|Any CPU = Release|Any CPU
	EndGlobalSection
	GlobalSection(ProjectConfigurationPlatforms) = postSolution
		{0FD4508F-BE3B-4E42-B217-4C4BF9ACC5B5}.Debug|Any CPU.ActiveCfg = Debug|Any CPU
		{0FD4508F-BE3B-4E42-B217-4C4BF9ACC5B5}.Debug|Any CPU.Build.0 = Debug|Any CPU
		{0FD4508F-BE3B-4E42-B217-4C4BF9ACC5B5}.Release|Any CPU.ActiveCfg = Release|Any CPU
		{0FD4508F-BE3B-4E42-B217-4C4BF9ACC5B5}.Release|Any CPU.Build.0 = Release|Any CPU
		{A759926C-AA71-4BC1-86D6-7DD53EF638EF}.Debug|Any CPU.ActiveCfg = Debug|Any CPU
		{A759926C-AA71-4BC1-86D6-7DD53EF638EF}.Debug|Any CPU.Build.0 = Debug|Any CPU
		{A759926C-AA71-4BC1-86D6-7DD53EF638EF}.Release|Any CPU.ActiveCfg = Release|Any CPU
		{A759926C-AA71-4BC1-86D6-7DD53EF638EF}.Release|Any CPU.Build.0 = Release|Any CPU
		{ACBB3B78-C0F5-4137-80C7-60DBC500D136}.Debug|Any CPU.ActiveCfg = Debug|Any CPU
		{ACBB3B78-C0F5-4137-80C7-60DBC500D136}.Debug|Any CPU.Build.0 = Debug|Any CPU
		{ACBB3B78-C0F5-4137-80C7-60DBC500D136}.Release|Any CPU.ActiveCfg = Release|Any CPU
		{ACBB3B78-C0F5-4137-80C7-60DBC500D136}.Release|Any CPU.Build.0 = Release|Any CPU
		{430CE748-904A-4CB4-9CF7-229EBB67FFD5}.Debug|Any CPU.ActiveCfg = Debug|Any CPU
		{430CE748-904A-4CB4-9CF7-229EBB67FFD5}.Debug|Any CPU.Build.0 = Debug|Any CPU
		{430CE748-904A-4CB4-9CF7-229EBB67FFD5}.Release|Any CPU.ActiveCfg = Release|Any CPU
		{430CE748-904A-4CB4-9CF7-229EBB67FFD5}.Release|Any CPU.Build.0 = Release|Any CPU
	EndGlobalSection
	GlobalSection(SolutionProperties) = preSolution
		HideSolutionNode = FALSE
	EndGlobalSection
EndGlobal
